
Microsoft Visual Studio Solution File, Format Version 12.00
# Visual Studio 2012
Project("{8BC9CEB8-8B4A-11D0-8D11-00A0C91BC942}") = "Motion2Cpp", "Motion2Cpp\Motion2Cpp.vcxproj", "{58E5F0E0-DEB3-4C3B-984D-BC4936FE0ADA}"
EndProject
Project("{8BC9CEB8-8B4A-11D0-8D11-00A0C91BC942}") = "LBP_SVM", "LBP_SVM\LBP_SVM.vcxproj", "{75495908-1EC4-458E-AD8C-C08387EDEC7A}"
EndProject
Project("{8BC9CEB8-8B4A-11D0-8D11-00A0C91BC942}") = "Test", "Test\Test.vcxproj", "{DD31BAB9-A676-49BD-B628-D09214D407AB}"
EndProject
Global
	GlobalSection(SolutionConfigurationPlatforms) = preSolution
		Debug|Win32 = Debug|Win32
		Release|Win32 = Release|Win32
	EndGlobalSection
	GlobalSection(ProjectConfigurationPlatforms) = postSolution
		{58E5F0E0-DEB3-4C3B-984D-BC4936FE0ADA}.Debug|Win32.ActiveCfg = Debug|Win32
		{58E5F0E0-DEB3-4C3B-984D-BC4936FE0ADA}.Debug|Win32.Build.0 = Debug|Win32
		{58E5F0E0-DEB3-4C3B-984D-BC4936FE0ADA}.Release|Win32.ActiveCfg = Release|Win32
		{58E5F0E0-DEB3-4C3B-984D-BC4936FE0ADA}.Release|Win32.Build.0 = Release|Win32
		{75495908-1EC4-458E-AD8C-C08387EDEC7A}.Debug|Win32.ActiveCfg = Debug|Win32
		{75495908-1EC4-458E-AD8C-C08387EDEC7A}.Debug|Win32.Build.0 = Debug|Win32
		{75495908-1EC4-458E-AD8C-C08387EDEC7A}.Release|Win32.ActiveCfg = Release|Win32
		{75495908-1EC4-458E-AD8C-C08387EDEC7A}.Release|Win32.Build.0 = Release|Win32
		{DD31BAB9-A676-49BD-B628-D09214D407AB}.Debug|Win32.ActiveCfg = Debug|Win32
		{DD31BAB9-A676-49BD-B628-D09214D407AB}.Debug|Win32.Build.0 = Debug|Win32
		{DD31BAB9-A676-49BD-B628-D09214D407AB}.Release|Win32.ActiveCfg = Release|Win32
		{DD31BAB9-A676-49BD-B628-D09214D407AB}.Release|Win32.Build.0 = Release|Win32
	EndGlobalSection
	GlobalSection(SolutionProperties) = preSolution
		HideSolutionNode = FALSE
	EndGlobalSection
EndGlobal
