<?xml version="1.0" encoding="utf-8"?>
<Project ToolsVersion="4.0" xmlns="http://schemas.microsoft.com/developer/msbuild/2003">
  <ItemGroup>
    <ClCompile Include="WinMain.cpp" />
    <ClCompile Include="..\lib\TGMTcpp\src\TGMTdebugger.cpp">
      <Filter>TGMT</Filter>
    </ClCompile>
    <ClCompile Include="..\lib\TGMTcpp\src\TGMTfile.cpp">
      <Filter>TGMT</Filter>
    </ClCompile>
    <ClCompile Include="..\lib\TGMTcpp\src\TGMTsvm.cpp">
      <Filter>TGMT</Filter>
    </ClCompile>
    <ClCompile Include="..\lib\TGMTcpp\src\TGMTutil.cpp">
      <Filter>TGMT</Filter>
    </ClCompile>
    <ClCompile Include="..\lib\TGMTcpp\src\stdafx.cpp">
      <Filter>TGMT</Filter>
    </ClCompile>
  </ItemGroup>
  <ItemGroup>
    <ClInclude Include="..\lib\TGMTcpp\src\TGMTutil.h">
      <Filter>TGMT</Filter>
    </ClInclude>
    <ClInclude Include="..\lib\TGMTcpp\src\TGMTdebugger.h">
      <Filter>TGMT</Filter>
    </ClInclude>
    <ClInclude Include="..\lib\TGMTcpp\src\TGMTfile.h">
      <Filter>TGMT</Filter>
    </ClInclude>
    <ClInclude Include="..\lib\TGMTcpp\src\TGMTsvm.h">
      <Filter>TGMT</Filter>
    </ClInclude>
    <ClInclude Include="..\lib\TGMTcpp\src\stdafx.h">
      <Filter>TGMT</Filter>
    </ClInclude>
    <ClInclude Include="..\lib\TGMTcpp\src\dirent.h">
      <Filter>TGMT</Filter>
    </ClInclude>
  </ItemGroup>
  <ItemGroup>
    <Filter Include="TGMT">
      <UniqueIdentifier>{584c595c-0d4c-492f-a3bc-84b772759188}</UniqueIdentifier>
    </Filter>
  </ItemGroup>
</Project>